{
    "version": 3,
    "terraform_version": "0.10.0",
    "serial": 6,
    "lineage": "22891a9e-e7c7-4ede-851f-b47581206b9e",
    "modules": [
        {
            "path": [
                "root"
            ],
            "outputs": {},
            "resources": {
                "vsphere_folder.TF": {
                    "type": "vsphere_folder",
                    "depends_on": [],
                    "primary": {
                        "id": "ADMS-LL-DC/IT-Staff/CCC/TF",
                        "attributes": {
                            "datacenter": "ADMS-LL-DC",
                            "existing_path": "IT-Staff/CCC",
                            "id": "ADMS-LL-DC/IT-Staff/CCC/TF",
                            "path": "IT-Staff/CCC/TF"
                        },
                        "meta": {},
                        "tainted": false
                    },
                    "deposed": [],
                    "provider": ""
                },
                "vsphere_virtual_machine.app01": {
                    "type": "vsphere_virtual_machine",
                    "depends_on": [
                        "vsphere_folder.TF"
                    ],
                    "primary": {
                        "id": "IT-Staff/CCC/TF/app01",
                        "attributes": {
                            "datacenter": "ADMS-LL-DC",
                            "detach_unknown_disks_on_delete": "false",
                            "disk.#": "1",
                            "disk.780047773.bootable": "false",
                            "disk.780047773.controller_type": "scsi",
                            "disk.780047773.datastore": "ATLL-VSAN-DS",
                            "disk.780047773.iops": "0",
                            "disk.780047773.keep_on_remove": "false",
                            "disk.780047773.key": "0",
                            "disk.780047773.name": "",
                            "disk.780047773.size": "0",
                            "disk.780047773.template": "Templates/Ubuntu16.04_Base_Image",
                            "disk.780047773.type": "eager_zeroed",
                            "disk.780047773.uuid": "",
                            "disk.780047773.vmdk": "",
                            "domain": "vsphere.local",
                            "enable_disk_uuid": "false",
                            "folder": "IT-Staff/CCC/TF",
                            "id": "IT-Staff/CCC/TF/app01",
                            "linked_clone": "false",
                            "memory": "1024",
                            "memory_reservation": "0",
                            "moid": "vm-5796",
                            "name": "app01",
                            "network_interface.#": "1",
                            "network_interface.0.adapter_type": "",
                            "network_interface.0.ip_address": "",
                            "network_interface.0.ipv4_address": "10.27.0.40",
                            "network_interface.0.ipv4_gateway": "10.27.0.1",
                            "network_interface.0.ipv4_prefix_length": "24",
                            "network_interface.0.ipv6_address": "fe80::250:56ff:feb3:4190",
                            "network_interface.0.ipv6_gateway": "",
                            "network_interface.0.ipv6_prefix_length": "64",
                            "network_interface.0.label": "vxw-dvs-55-virtualwire-42-sid-5013-NST-GuestVM-CCC-LS",
                            "network_interface.0.mac_address": "00:50:56:b3:41:90",
                            "network_interface.0.subnet_mask": "",
                            "resource_pool": "ATLL-DellR730xd/ATLL-CLU/Resources/Terraform",
                            "skip_customization": "false",
                            "time_zone": "Etc/UTC",
                            "uuid": "42330904-aa61-78c8-2795-5653dcbdae47",
                            "vcpu": "2"
                        },
                        "meta": {
                            "schema_version": "1"
                        },
                        "tainted": false
                    },
                    "deposed": [],
                    "provider": ""
                }
            },
            "depends_on": []
        }
    ]
}
