{
    "version": 3,
    "terraform_version": "0.10.0",
    "serial": 6,
    "lineage": "6ea98a48-242d-4daf-8d53-1987d5e79729",
    "modules": [
        {
            "path": [
                "root"
            ],
            "outputs": {},
            "resources": {
                "vsphere_folder.TF": {
                    "type": "vsphere_folder",
                    "depends_on": [],
                    "primary": {
                        "id": "ADMS-LL-DC/IT-Staff/CCC/TF",
                        "attributes": {
                            "datacenter": "ADMS-LL-DC",
                            "existing_path": "IT-Staff/CCC",
                            "id": "ADMS-LL-DC/IT-Staff/CCC/TF",
                            "path": "IT-Staff/CCC/TF"
                        },
                        "meta": {},
                        "tainted": false
                    },
                    "deposed": [],
                    "provider": ""
                },
                "vsphere_virtual_machine.web01": {
                    "type": "vsphere_virtual_machine",
                    "depends_on": [
                        "vsphere_folder.TF"
                    ],
                    "primary": {
                        "id": "IT-Staff/CCC/TF/web01",
                        "attributes": {
                            "datacenter": "ADMS-LL-DC",
                            "detach_unknown_disks_on_delete": "false",
                            "disk.#": "1",
                            "disk.935743878.bootable": "false",
                            "disk.935743878.controller_type": "scsi",
                            "disk.935743878.datastore": "ATLL-VSAN-DS",
                            "disk.935743878.iops": "0",
                            "disk.935743878.keep_on_remove": "false",
                            "disk.935743878.key": "0",
                            "disk.935743878.name": "",
                            "disk.935743878.size": "0",
                            "disk.935743878.template": "Templates/Ubuntu1604-Base-Image",
                            "disk.935743878.type": "eager_zeroed",
                            "disk.935743878.uuid": "",
                            "disk.935743878.vmdk": "",
                            "domain": "vsphere.local",
                            "enable_disk_uuid": "false",
                            "folder": "IT-Staff/CCC/TF",
                            "id": "IT-Staff/CCC/TF/web01",
                            "linked_clone": "false",
                            "memory": "1024",
                            "memory_reservation": "0",
                            "moid": "vm-6872",
                            "name": "web01",
                            "network_interface.#": "1",
                            "network_interface.0.adapter_type": "",
                            "network_interface.0.ip_address": "",
                            "network_interface.0.ipv4_address": "10.27.0.39",
                            "network_interface.0.ipv4_gateway": "10.27.0.1",
                            "network_interface.0.ipv4_prefix_length": "24",
                            "network_interface.0.ipv6_address": "fe80::250:56ff:feb3:bd2f",
                            "network_interface.0.ipv6_gateway": "",
                            "network_interface.0.ipv6_prefix_length": "64",
                            "network_interface.0.label": "vxw-dvs-55-virtualwire-42-sid-5013-NST-GuestVM-CCC-LS",
                            "network_interface.0.mac_address": "00:50:56:b3:bd:2f",
                            "network_interface.0.subnet_mask": "",
                            "resource_pool": "ATLL-DellR730xd/ATLL-CLU/Resources/Terraform",
                            "skip_customization": "false",
                            "time_zone": "Etc/UTC",
                            "uuid": "4233bcdf-05d9-ac79-f80a-84c4d573bde6",
                            "vcpu": "2"
                        },
                        "meta": {
                            "schema_version": "1"
                        },
                        "tainted": false
                    },
                    "deposed": [],
                    "provider": ""
                }
            },
            "depends_on": []
        }
    ]
}
